
Microsoft Visual Studio Solution File, Format Version 12.00
# Visual Studio Version 17
VisualStudioVersion = 17.7.34221.43
MinimumVisualStudioVersion = 10.0.40219.1
Project("{FAE04EC0-301F-11D3-BF4B-00C04F79EFBC}") = "InternshipPetProject", "InternshipPetProject\InternshipPetProject.csproj", "{81BBCC56-2E8A-47CB-973E-66F7F8E7B1A1}"
EndProject
Global
	GlobalSection(SolutionConfigurationPlatforms) = preSolution
		Debug|Any CPU = Debug|Any CPU
		Release|Any CPU = Release|Any CPU
	EndGlobalSection
	GlobalSection(ProjectConfigurationPlatforms) = postSolution
		{81BBCC56-2E8A-47CB-973E-66F7F8E7B1A1}.Debug|Any CPU.ActiveCfg = Debug|Any CPU
		{81BBCC56-2E8A-47CB-973E-66F7F8E7B1A1}.Debug|Any CPU.Build.0 = Debug|Any CPU
		{81BBCC56-2E8A-47CB-973E-66F7F8E7B1A1}.Release|Any CPU.ActiveCfg = Release|Any CPU
		{81BBCC56-2E8A-47CB-973E-66F7F8E7B1A1}.Release|Any CPU.Build.0 = Release|Any CPU
	EndGlobalSection
	GlobalSection(SolutionProperties) = preSolution
		HideSolutionNode = FALSE
	EndGlobalSection
	GlobalSection(ExtensibilityGlobals) = postSolution
		SolutionGuid = {5A0B72A3-7F86-4479-A3AA-FE2426B2B963}
	EndGlobalSection
EndGlobal
