
Microsoft Visual Studio Solution File, Format Version 12.00
# Visual Studio Version 17
VisualStudioVersion = 17.7.34031.279
MinimumVisualStudioVersion = 10.0.40219.1
Project("{9A19103F-16F7-4668-BE54-9A1E7A4F7556}") = "HelloWorld", "HelloWorld\HelloWorld.csproj", "{3EE6216F-0153-4008-8510-C78609D868FD}"
EndProject
Project("{9A19103F-16F7-4668-BE54-9A1E7A4F7556}") = "InputOutput", "InputOutput\InputOutput.csproj", "{7CEE52FB-A8CF-4B70-A050-476464A33578}"
EndProject
Project("{9A19103F-16F7-4668-BE54-9A1E7A4F7556}") = "VariablesAndDataTypes", "VariablesAndDataTypes\VariablesAndDataTypes.csproj", "{4A0907F2-7CB7-4B7B-9BBD-49237DED49F3}"
EndProject
Project("{9A19103F-16F7-4668-BE54-9A1E7A4F7556}") = "MathOperators", "MathOperators\MathOperators.csproj", "{D38AA98E-9210-4DBB-AC06-043A4D6EEC30}"
EndProject
Project("{9A19103F-16F7-4668-BE54-9A1E7A4F7556}") = "ConditionalStatements", "ConditionalStatements\ConditionalStatements.csproj", "{830561DE-031F-47A0-ABB9-E30DE3C2FCAD}"
EndProject
Project("{9A19103F-16F7-4668-BE54-9A1E7A4F7556}") = "RepetitionStatements", "RepetitionStatements\RepetitionStatements.csproj", "{3FBB3DF2-CEAE-4EE7-832D-A9F3234A2617}"
EndProject
Project("{9A19103F-16F7-4668-BE54-9A1E7A4F7556}") = "Methods", "Methods\Methods.csproj", "{1EB537F3-D1EA-4C1F-B07A-0AC7614F2902}"
EndProject
Project("{9A19103F-16F7-4668-BE54-9A1E7A4F7556}") = "StringManipulation", "StringManipulation\StringManipulation.csproj", "{35F19AA4-3DAA-4CC6-B0CD-05484E526533}"
EndProject
Project("{9A19103F-16F7-4668-BE54-9A1E7A4F7556}") = "DateTimeManipulations", "DateTimeManipulations\DateTimeManipulations.csproj", "{B46D2C78-6AFA-481C-AD19-6DD81F8E4813}"
EndProject
Project("{FAE04EC0-301F-11D3-BF4B-00C04F79EFBC}") = "ExceptionHandling", "ExceptionHandling\ExceptionHandling.csproj", "{78DFC1BF-0656-482C-80D8-A60F2FE3737A}"
EndProject
Project("{FAE04EC0-301F-11D3-BF4B-00C04F79EFBC}") = "Arrays", "Arrays\Arrays.csproj", "{73C9498F-6062-4CB8-BC9E-C5EF1C20BDAD}"
EndProject
Project("{FAE04EC0-301F-11D3-BF4B-00C04F79EFBC}") = "Lists", "Lists\Lists.csproj", "{57776972-9DA7-4CA7-B226-6E06E986B7BB}"
EndProject
Global
	GlobalSection(SolutionConfigurationPlatforms) = preSolution
		Debug|Any CPU = Debug|Any CPU
		Release|Any CPU = Release|Any CPU
	EndGlobalSection
	GlobalSection(ProjectConfigurationPlatforms) = postSolution
		{3EE6216F-0153-4008-8510-C78609D868FD}.Debug|Any CPU.ActiveCfg = Debug|Any CPU
		{3EE6216F-0153-4008-8510-C78609D868FD}.Debug|Any CPU.Build.0 = Debug|Any CPU
		{3EE6216F-0153-4008-8510-C78609D868FD}.Release|Any CPU.ActiveCfg = Release|Any CPU
		{3EE6216F-0153-4008-8510-C78609D868FD}.Release|Any CPU.Build.0 = Release|Any CPU
		{7CEE52FB-A8CF-4B70-A050-476464A33578}.Debug|Any CPU.ActiveCfg = Debug|Any CPU
		{7CEE52FB-A8CF-4B70-A050-476464A33578}.Debug|Any CPU.Build.0 = Debug|Any CPU
		{7CEE52FB-A8CF-4B70-A050-476464A33578}.Release|Any CPU.ActiveCfg = Release|Any CPU
		{7CEE52FB-A8CF-4B70-A050-476464A33578}.Release|Any CPU.Build.0 = Release|Any CPU
		{4A0907F2-7CB7-4B7B-9BBD-49237DED49F3}.Debug|Any CPU.ActiveCfg = Debug|Any CPU
		{4A0907F2-7CB7-4B7B-9BBD-49237DED49F3}.Debug|Any CPU.Build.0 = Debug|Any CPU
		{4A0907F2-7CB7-4B7B-9BBD-49237DED49F3}.Release|Any CPU.ActiveCfg = Release|Any CPU
		{4A0907F2-7CB7-4B7B-9BBD-49237DED49F3}.Release|Any CPU.Build.0 = Release|Any CPU
		{D38AA98E-9210-4DBB-AC06-043A4D6EEC30}.Debug|Any CPU.ActiveCfg = Debug|Any CPU
		{D38AA98E-9210-4DBB-AC06-043A4D6EEC30}.Debug|Any CPU.Build.0 = Debug|Any CPU
		{D38AA98E-9210-4DBB-AC06-043A4D6EEC30}.Release|Any CPU.ActiveCfg = Release|Any CPU
		{D38AA98E-9210-4DBB-AC06-043A4D6EEC30}.Release|Any CPU.Build.0 = Release|Any CPU
		{830561DE-031F-47A0-ABB9-E30DE3C2FCAD}.Debug|Any CPU.ActiveCfg = Debug|Any CPU
		{830561DE-031F-47A0-ABB9-E30DE3C2FCAD}.Debug|Any CPU.Build.0 = Debug|Any CPU
		{830561DE-031F-47A0-ABB9-E30DE3C2FCAD}.Release|Any CPU.ActiveCfg = Release|Any CPU
		{830561DE-031F-47A0-ABB9-E30DE3C2FCAD}.Release|Any CPU.Build.0 = Release|Any CPU
		{3FBB3DF2-CEAE-4EE7-832D-A9F3234A2617}.Debug|Any CPU.ActiveCfg = Debug|Any CPU
		{3FBB3DF2-CEAE-4EE7-832D-A9F3234A2617}.Debug|Any CPU.Build.0 = Debug|Any CPU
		{3FBB3DF2-CEAE-4EE7-832D-A9F3234A2617}.Release|Any CPU.ActiveCfg = Release|Any CPU
		{3FBB3DF2-CEAE-4EE7-832D-A9F3234A2617}.Release|Any CPU.Build.0 = Release|Any CPU
		{1EB537F3-D1EA-4C1F-B07A-0AC7614F2902}.Debug|Any CPU.ActiveCfg = Debug|Any CPU
		{1EB537F3-D1EA-4C1F-B07A-0AC7614F2902}.Debug|Any CPU.Build.0 = Debug|Any CPU
		{1EB537F3-D1EA-4C1F-B07A-0AC7614F2902}.Release|Any CPU.ActiveCfg = Release|Any CPU
		{1EB537F3-D1EA-4C1F-B07A-0AC7614F2902}.Release|Any CPU.Build.0 = Release|Any CPU
		{35F19AA4-3DAA-4CC6-B0CD-05484E526533}.Debug|Any CPU.ActiveCfg = Debug|Any CPU
		{35F19AA4-3DAA-4CC6-B0CD-05484E526533}.Debug|Any CPU.Build.0 = Debug|Any CPU
		{35F19AA4-3DAA-4CC6-B0CD-05484E526533}.Release|Any CPU.ActiveCfg = Release|Any CPU
		{35F19AA4-3DAA-4CC6-B0CD-05484E526533}.Release|Any CPU.Build.0 = Release|Any CPU
		{B46D2C78-6AFA-481C-AD19-6DD81F8E4813}.Debug|Any CPU.ActiveCfg = Debug|Any CPU
		{B46D2C78-6AFA-481C-AD19-6DD81F8E4813}.Debug|Any CPU.Build.0 = Debug|Any CPU
		{B46D2C78-6AFA-481C-AD19-6DD81F8E4813}.Release|Any CPU.ActiveCfg = Release|Any CPU
		{B46D2C78-6AFA-481C-AD19-6DD81F8E4813}.Release|Any CPU.Build.0 = Release|Any CPU
		{78DFC1BF-0656-482C-80D8-A60F2FE3737A}.Debug|Any CPU.ActiveCfg = Debug|Any CPU
		{78DFC1BF-0656-482C-80D8-A60F2FE3737A}.Debug|Any CPU.Build.0 = Debug|Any CPU
		{78DFC1BF-0656-482C-80D8-A60F2FE3737A}.Release|Any CPU.ActiveCfg = Release|Any CPU
		{78DFC1BF-0656-482C-80D8-A60F2FE3737A}.Release|Any CPU.Build.0 = Release|Any CPU
		{73C9498F-6062-4CB8-BC9E-C5EF1C20BDAD}.Debug|Any CPU.ActiveCfg = Debug|Any CPU
		{73C9498F-6062-4CB8-BC9E-C5EF1C20BDAD}.Debug|Any CPU.Build.0 = Debug|Any CPU
		{73C9498F-6062-4CB8-BC9E-C5EF1C20BDAD}.Release|Any CPU.ActiveCfg = Release|Any CPU
		{73C9498F-6062-4CB8-BC9E-C5EF1C20BDAD}.Release|Any CPU.Build.0 = Release|Any CPU
		{57776972-9DA7-4CA7-B226-6E06E986B7BB}.Debug|Any CPU.ActiveCfg = Debug|Any CPU
		{57776972-9DA7-4CA7-B226-6E06E986B7BB}.Debug|Any CPU.Build.0 = Debug|Any CPU
		{57776972-9DA7-4CA7-B226-6E06E986B7BB}.Release|Any CPU.ActiveCfg = Release|Any CPU
		{57776972-9DA7-4CA7-B226-6E06E986B7BB}.Release|Any CPU.Build.0 = Release|Any CPU
	EndGlobalSection
	GlobalSection(SolutionProperties) = preSolution
		HideSolutionNode = FALSE
	EndGlobalSection
	GlobalSection(ExtensibilityGlobals) = postSolution
		SolutionGuid = {9570780A-F16B-485D-BD41-531B4E9330C9}
	EndGlobalSection
EndGlobal
