
Microsoft Visual Studio Solution File, Format Version 12.00
# Visual Studio Version 17
VisualStudioVersion = 17.7.34031.279
MinimumVisualStudioVersion = 10.0.40219.1
Project("{FAE04EC0-301F-11D3-BF4B-00C04F79EFBC}") = "CarRentalApp", "CarRentalApp\CarRentalApp.csproj", "{34A5CE80-A042-485C-82F7-480F0F379945}"
EndProject
Global
	GlobalSection(SolutionConfigurationPlatforms) = preSolution
		Debug|Any CPU = Debug|Any CPU
		Release|Any CPU = Release|Any CPU
	EndGlobalSection
	GlobalSection(ProjectConfigurationPlatforms) = postSolution
		{34A5CE80-A042-485C-82F7-480F0F379945}.Debug|Any CPU.ActiveCfg = Debug|Any CPU
		{34A5CE80-A042-485C-82F7-480F0F379945}.Debug|Any CPU.Build.0 = Debug|Any CPU
		{34A5CE80-A042-485C-82F7-480F0F379945}.Release|Any CPU.ActiveCfg = Release|Any CPU
		{34A5CE80-A042-485C-82F7-480F0F379945}.Release|Any CPU.Build.0 = Release|Any CPU
	EndGlobalSection
	GlobalSection(SolutionProperties) = preSolution
		HideSolutionNode = FALSE
	EndGlobalSection
	GlobalSection(ExtensibilityGlobals) = postSolution
		SolutionGuid = {270AB023-296D-4657-B136-DE9E3A5BBA4B}
	EndGlobalSection
EndGlobal
